
Microsoft Visual Studio Solution File, Format Version 12.00
# Visual Studio Version 17
VisualStudioVersion = 17.8.34330.188
MinimumVisualStudioVersion = 10.0.40219.1
Project("{FAE04EC0-301F-11D3-BF4B-00C04F79EFBC}") = "Amnex-Project_Resource_Mapping_System", "Amnex-Project_Resource_Mapping_System.csproj", "{1EE298EC-9273-4936-8EF9-195F7833A640}"
EndProject
Global
	GlobalSection(SolutionConfigurationPlatforms) = preSolution
		Debug|Any CPU = Debug|Any CPU
		Release|Any CPU = Release|Any CPU
	EndGlobalSection
	GlobalSection(ProjectConfigurationPlatforms) = postSolution
		{1EE298EC-9273-4936-8EF9-195F7833A640}.Debug|Any CPU.ActiveCfg = Debug|Any CPU
		{1EE298EC-9273-4936-8EF9-195F7833A640}.Debug|Any CPU.Build.0 = Debug|Any CPU
		{1EE298EC-9273-4936-8EF9-195F7833A640}.Release|Any CPU.ActiveCfg = Release|Any CPU
		{1EE298EC-9273-4936-8EF9-195F7833A640}.Release|Any CPU.Build.0 = Release|Any CPU
	EndGlobalSection
	GlobalSection(SolutionProperties) = preSolution
		HideSolutionNode = FALSE
	EndGlobalSection
	GlobalSection(ExtensibilityGlobals) = postSolution
		SolutionGuid = {9DAA42C2-109E-4E63-9E58-F47AA0BCF120}
	EndGlobalSection
EndGlobal
